{
  "name": "credential-eip712jwt",
  "version": "1.0.0",
  "lockfileVersion": 3,
  "requires": true,
  "packages": {
    "": {
      "name": "credential-eip712jwt",
      "version": "1.0.0",
      "license": "ISC",
      "dependencies": {
        "@veramo/core": "file:../veramo/packages/core",
        "@veramo/core-types": "file:../veramo/packages/core-types",
        "@veramo/credential-w3c": "file:../veramo/packages/credential-w3c",
        "@veramo/utils": "file:../veramo/packages/utils",
        "canonicalize": "^2.0.0",
        "did-jwt": "file:../did-jwt",
        "did-jwt-eth-typed-data-signature": "file:../did-jwt-eth-typed-data-signature",
        "did-jwt-vc": "file:../did-jwt-vc",
        "ethr-did": "^3.0.21"
      },
      "devDependencies": {
        "typescript": "^5.6.2"
      }
    },
    "../did-jwt": {
      "version": "8.0.4",
      "license": "Apache-2.0",
      "dependencies": {
        "@noble/ciphers": "^0.5.0",
        "@noble/curves": "^1.0.0",
        "@noble/hashes": "^1.3.0",
        "@scure/base": "^1.1.3",
        "canonicalize": "^2.0.0",
        "did-resolver": "^4.1.0",
        "multibase": "^4.0.6",
        "multiformats": "^9.6.2",
        "uint8arrays": "3.1.1"
      },
      "devDependencies": {
        "@babel/core": "7.22.17",
        "@babel/preset-env": "7.22.15",
        "@babel/preset-typescript": "7.22.15",
        "@ethersproject/address": "5.7.0",
        "@greymass/eosio": "^0.7.0",
        "@jest/globals": "^29.7.0",
        "@semantic-release/changelog": "6.0.3",
        "@semantic-release/git": "10.0.1",
        "@tonomy/antelope-did": "^0.1.5",
        "@types/jest": "29.5.4",
        "@types/jsonwebtoken": "9.0.2",
        "@types/jwk-to-pem": "2.0.1",
        "@types/node": "^20.1.4",
        "@typescript-eslint/eslint-plugin": "6.6.0",
        "@typescript-eslint/parser": "6.6.0",
        "codecov": "3.8.3",
        "cross-env": "7.0.3",
        "eslint": "8.48.0",
        "eslint-config-prettier": "9.0.0",
        "eslint-plugin-jest": "27.2.3",
        "eslint-plugin-prettier": "5.0.0",
        "jest": "29.6.4",
        "jest-config": "^29.7.0",
        "jsontokens": "4.0.1",
        "jsonwebtoken": "9.0.2",
        "jwk-to-pem": "2.0.5",
        "microbundle": "0.15.1",
        "mockdate": "3.0.5",
        "prettier": "3.0.3",
        "regenerator-runtime": "0.14.0",
        "rimraf": "^5.0.0",
        "semantic-release": "22.0.0",
        "ts-jest": "29.1.1",
        "ts-node": "10.9.1",
        "tweetnacl": "1.0.3",
        "typescript": "5.2.2",
        "webpack": "5.88.2",
        "webpack-cli": "5.1.4"
      }
    },
    "../did-jwt-eth-typed-data-signature": {
      "version": "0.9.4",
      "license": "EUPL-1.2",
      "dependencies": {
        "@juanelas/solidity-types-from-json": "^1.0.1",
        "did-jwt": "file:../did-jwt",
        "ethers": "^6.11.1",
        "uint8arrays": "^5.1.0"
      },
      "devDependencies": {
        "@rollup/plugin-commonjs": "^26.0.1",
        "@rollup/plugin-inject": "^5.0.5",
        "@rollup/plugin-json": "^6.0.1",
        "@rollup/plugin-multi-entry": "^6.0.1",
        "@rollup/plugin-node-resolve": "^15.2.3",
        "@rollup/plugin-replace": "^5.0.5",
        "@rollup/plugin-terser": "^0.4.4",
        "@rollup/plugin-typescript": "^11.1.5",
        "@types/chai": "^4.3.10",
        "@types/mocha": "^10.0.4",
        "c8": "^10.1.2",
        "chai": "^4.4.1",
        "did-resolver": "^4.1.0",
        "dotenv": "^16.3.1",
        "glob": "^11.0.0",
        "json5": "^2.2.3",
        "minimatch": "^10.0.1",
        "mocha": "^10.6.0",
        "npm-run-all": "^4.1.5",
        "pirates": "^4.0.6",
        "puppeteer": "^22.13.1",
        "rimraf": "^6.0.1",
        "rollup": "^4.3.0",
        "rollup-plugin-dts": "^6.1.0",
        "ts-standard": "^12.0.2",
        "tslib": "^2.6.2",
        "typedoc-plugin-markdown": "^4.2.1",
        "typescript": "^5.1.3"
      }
    },
    "../did-jwt-vc": {
      "version": "4.0.4",
      "license": "ISC",
      "dependencies": {
        "did-jwt": "file:../did-jwt",
        "did-resolver": "^4.1.0"
      },
      "devDependencies": {
        "@babel/core": "7.23.2",
        "@babel/preset-env": "7.23.2",
        "@babel/preset-typescript": "7.23.2",
        "@noble/curves": "1.2.0",
        "@semantic-release/changelog": "6.0.3",
        "@semantic-release/git": "10.0.1",
        "@types/elliptic": "6.4.16",
        "@types/faker": "6.6.9",
        "@types/jest": "29.5.7",
        "@types/node": "20.8.10",
        "@typescript-eslint/eslint-plugin": "6.9.1",
        "@typescript-eslint/parser": "6.9.1",
        "cross-env": "7.0.3",
        "eslint": "8.53.0",
        "eslint-config-prettier": "9.0.0",
        "eslint-plugin-jest": "27.6.0",
        "eslint-plugin-prettier": "5.0.1",
        "ethr-did": "3.0.13",
        "faker": "6.6.6",
        "jest": "29.7.0",
        "microbundle": "0.15.1",
        "prettier": "3.0.3",
        "semantic-release": "22.0.7",
        "ts-jest": "29.1.1",
        "typescript": "5.2.2"
      },
      "engines": {
        "node": ">=18"
      }
    },
    "../veramo/packages/core": {
      "name": "@veramo/core",
      "version": "6.0.0",
      "license": "Apache-2.0",
      "dependencies": {
        "@veramo/core-types": "workspace:^",
        "debug": "^4.3.4",
        "events": "^3.2.0",
        "z-schema": "^6.0.1"
      },
      "devDependencies": {
        "@types/debug": "4.1.8",
        "@types/events": "3.0.0",
        "typescript": "5.3.3"
      }
    },
    "../veramo/packages/core-types": {
      "name": "@veramo/core-types",
      "version": "6.0.0",
      "license": "Apache-2.0",
      "dependencies": {
        "credential-status": "^3.0.0",
        "debug": "^4.3.3",
        "did-jwt-vc": "link:../../../did-jwt-vc",
        "did-resolver": "^4.1.0"
      },
      "devDependencies": {
        "@types/debug": "4.1.8",
        "typescript": "5.3.3"
      }
    },
    "../veramo/packages/credential-w3c": {
      "name": "@veramo/credential-w3c",
      "version": "6.0.0",
      "license": "Apache-2.0",
      "dependencies": {
        "@veramo/core-types": "workspace:^",
        "@veramo/message-handler": "workspace:^",
        "@veramo/utils": "workspace:^",
        "canonicalize": "^2.0.0",
        "debug": "^4.3.3",
        "did-jwt": "link:../../../did-jwt",
        "did-jwt-vc": "link:../../../did-jwt-vc",
        "did-resolver": "^4.1.0",
        "uuid": "^9.0.0"
      },
      "devDependencies": {
        "@types/debug": "4.1.8",
        "@types/uuid": "9.0.2",
        "typescript": "5.3.3"
      },
      "optionalDependencies": {
        "@veramo/credential-ld": "^6.0.0"
      }
    },
    "../veramo/packages/utils": {
      "name": "@veramo/utils",
      "version": "6.0.0",
      "license": "Apache-2.0",
      "dependencies": {
        "@ipld/dag-pb": "^4.0.5",
        "@noble/curves": "^1.4.2",
        "@veramo/core-types": "workspace:^",
        "credential-status": "^3.0.0",
        "cross-fetch": "^4.0.0",
        "debug": "^4.3.3",
        "did-jwt": "link:../../../did-jwt",
        "did-jwt-vc": "link:../../../did-jwt-vc",
        "did-resolver": "^4.1.0",
        "ethers": "^6.11.1",
        "ipfs-unixfs": "^11.1.0",
        "multiformats": "^13.0.0",
        "uint8arrays": "^4.0.6"
      },
      "devDependencies": {
        "@types/debug": "4.1.8",
        "@types/uuid": "9.0.2"
      }
    },
    "node_modules/@adraffy/ens-normalize": {
      "version": "1.10.1",
      "resolved": "https://registry.npmjs.org/@adraffy/ens-normalize/-/ens-normalize-1.10.1.tgz",
      "integrity": "sha512-96Z2IP3mYmF1Xg2cDm8f1gWGf/HUVedQ3FMifV4kG/PQ4yEP51xDtRAEfhVNt5f/uzpNkZHwWQuUcu6D6K+Ekw==",
      "license": "MIT"
    },
    "node_modules/@noble/curves": {
      "version": "1.2.0",
      "resolved": "https://registry.npmjs.org/@noble/curves/-/curves-1.2.0.tgz",
      "integrity": "sha512-oYclrNgRaM9SsBUBVbb8M6DTV7ZHRTKugureoYEncY5c65HOmRzvSiTE3y5CYaPYJA/GVkrhXEoF0M3Ya9PMnw==",
      "license": "MIT",
      "dependencies": {
        "@noble/hashes": "1.3.2"
      },
      "funding": {
        "url": "https://paulmillr.com/funding/"
      }
    },
    "node_modules/@noble/hashes": {
      "version": "1.3.2",
      "resolved": "https://registry.npmjs.org/@noble/hashes/-/hashes-1.3.2.tgz",
      "integrity": "sha512-MVC8EAQp7MvEcm30KWENFjgR+Mkmf+D189XJTkFIlwohU5hcBbn1ZkKq7KVTi2Hme3PMGF390DaL52beVrIihQ==",
      "license": "MIT",
      "engines": {
        "node": ">= 16"
      },
      "funding": {
        "url": "https://paulmillr.com/funding/"
      }
    },
    "node_modules/@types/node": {
      "version": "18.15.13",
      "resolved": "https://registry.npmjs.org/@types/node/-/node-18.15.13.tgz",
      "integrity": "sha512-N+0kuo9KgrUQ1Sn/ifDXsvg0TTleP7rIy4zOBGECxAljqvqfqpTfzx0Q1NUedOixRMBfe2Whhb056a42cWs26Q==",
      "license": "MIT"
    },
    "node_modules/@veramo/core": {
      "resolved": "../veramo/packages/core",
      "link": true
    },
    "node_modules/@veramo/core-types": {
      "resolved": "../veramo/packages/core-types",
      "link": true
    },
    "node_modules/@veramo/credential-w3c": {
      "resolved": "../veramo/packages/credential-w3c",
      "link": true
    },
    "node_modules/@veramo/utils": {
      "resolved": "../veramo/packages/utils",
      "link": true
    },
    "node_modules/aes-js": {
      "version": "4.0.0-beta.5",
      "resolved": "https://registry.npmjs.org/aes-js/-/aes-js-4.0.0-beta.5.tgz",
      "integrity": "sha512-G965FqalsNyrPqgEGON7nIx1e/OVENSgiEIzyC63haUMuvNnwIgIjMs52hlTCKhkBny7A2ORNlfY9Zu+jmGk1Q==",
      "license": "MIT"
    },
    "node_modules/canonicalize": {
      "version": "2.0.0",
      "resolved": "https://registry.npmjs.org/canonicalize/-/canonicalize-2.0.0.tgz",
      "integrity": "sha512-ulDEYPv7asdKvqahuAY35c1selLdzDwHqugK92hfkzvlDCwXRRelDkR+Er33md/PtnpqHemgkuDPanZ4fiYZ8w==",
      "license": "Apache-2.0"
    },
    "node_modules/did-jwt": {
      "resolved": "../did-jwt",
      "link": true
    },
    "node_modules/did-jwt-eth-typed-data-signature": {
      "resolved": "../did-jwt-eth-typed-data-signature",
      "link": true
    },
    "node_modules/did-jwt-vc": {
      "resolved": "../did-jwt-vc",
      "link": true
    },
    "node_modules/did-resolver": {
      "version": "4.1.0",
      "resolved": "https://registry.npmjs.org/did-resolver/-/did-resolver-4.1.0.tgz",
      "integrity": "sha512-S6fWHvCXkZg2IhS4RcVHxwuyVejPR7c+a4Go0xbQ9ps5kILa8viiYQgrM4gfTyeTjJ0ekgJH9gk/BawTpmkbZA==",
      "license": "Apache-2.0"
    },
    "node_modules/ethers": {
      "version": "6.13.2",
      "resolved": "https://registry.npmjs.org/ethers/-/ethers-6.13.2.tgz",
      "integrity": "sha512-9VkriTTed+/27BGuY1s0hf441kqwHJ1wtN2edksEtiRvXx+soxRX3iSXTfFqq2+YwrOqbDoTHjIhQnjJRlzKmg==",
      "funding": [
        {
          "type": "individual",
          "url": "https://github.com/sponsors/ethers-io/"
        },
        {
          "type": "individual",
          "url": "https://www.buymeacoffee.com/ricmoo"
        }
      ],
      "license": "MIT",
      "dependencies": {
        "@adraffy/ens-normalize": "1.10.1",
        "@noble/curves": "1.2.0",
        "@noble/hashes": "1.3.2",
        "@types/node": "18.15.13",
        "aes-js": "4.0.0-beta.5",
        "tslib": "2.4.0",
        "ws": "8.17.1"
      },
      "engines": {
        "node": ">=14.0.0"
      }
    },
    "node_modules/ethr-did": {
      "version": "3.0.21",
      "resolved": "https://registry.npmjs.org/ethr-did/-/ethr-did-3.0.21.tgz",
      "integrity": "sha512-2ojxqkGlujuhwtN5bSqESekfkpleOO+Nd3nwMyJmU4nB0K1fKe9+psL11VEh4AJ29+Rol+3gS4f/GjTCe3SF/Q==",
      "license": "Apache-2.0",
      "dependencies": {
        "did-jwt": "^8.0.0",
        "did-resolver": "^4.1.0",
        "ethers": "^6.8.1",
        "ethr-did-resolver": "10.1.5"
      }
    },
    "node_modules/ethr-did-resolver": {
      "version": "10.1.5",
      "resolved": "https://registry.npmjs.org/ethr-did-resolver/-/ethr-did-resolver-10.1.5.tgz",
      "integrity": "sha512-wVCKhF6qQo2IewH9ui4lRBixbvT/A6szZFQoJkfvjP6EU/3MSb4KOP5QNpM37zmFU/rQGjHNt7bF13fNcmZ6wQ==",
      "license": "Apache-2.0",
      "dependencies": {
        "did-resolver": "^4.1.0",
        "ethers": "^6.8.1"
      }
    },
    "node_modules/tslib": {
      "version": "2.4.0",
      "resolved": "https://registry.npmjs.org/tslib/-/tslib-2.4.0.tgz",
      "integrity": "sha512-d6xOpEDfsi2CZVlPQzGeux8XMwLT9hssAsaPYExaQMuYskwb+x1x7J371tWlbBdWHroy99KnVB6qIkUbs5X3UQ==",
      "license": "0BSD"
    },
    "node_modules/typescript": {
      "version": "5.6.2",
      "resolved": "https://registry.npmjs.org/typescript/-/typescript-5.6.2.tgz",
      "integrity": "sha512-NW8ByodCSNCwZeghjN3o+JX5OFH0Ojg6sadjEKY4huZ52TqbJTJnDo5+Tw98lSy63NZvi4n+ez5m2u5d4PkZyw==",
      "dev": true,
      "license": "Apache-2.0",
      "bin": {
        "tsc": "bin/tsc",
        "tsserver": "bin/tsserver"
      },
      "engines": {
        "node": ">=14.17"
      }
    },
    "node_modules/ws": {
      "version": "8.17.1",
      "resolved": "https://registry.npmjs.org/ws/-/ws-8.17.1.tgz",
      "integrity": "sha512-6XQFvXTkbfUOZOKKILFG1PDK2NDQs4azKQl26T0YS5CxqWLgXajbPZ+h4gZekJyRqFU8pvnbAbbs/3TgRPy+GQ==",
      "license": "MIT",
      "engines": {
        "node": ">=10.0.0"
      },
      "peerDependencies": {
        "bufferutil": "^4.0.1",
        "utf-8-validate": ">=5.0.2"
      },
      "peerDependenciesMeta": {
        "bufferutil": {
          "optional": true
        },
        "utf-8-validate": {
          "optional": true
        }
      }
    }
  }
}
